// !$*UTF8*$!
{
	archiveVersion = 1;
	classes = {
	};
	objectVersion = 70;
	objects = {

/* Begin PBXBuildFile section */
		100000000000000000000062 /* OpenAI in Frameworks */ = {isa = PBXBuildFile; productRef = 100000000000000000000061 /* OpenAI */; };
		100000000000000000000072 /* CompassAgentRPC in Frameworks */ = {isa = PBXBuildFile; productRef = 100000000000000000000071 /* CompassAgentRPC */; };
		100000000000000000000082 /* SwiftTreeSitter in Frameworks */ = {isa = PBXBuildFile; productRef = 100000000000000000000081 /* SwiftTreeSitter */; };
		100000000000000000000084 /* TreeSitterSwift in Frameworks */ = {isa = PBXBuildFile; productRef = 100000000000000000000083 /* TreeSitterSwift */; };
		100000000000000000000086 /* TreeSitterTypeScript in Frameworks */ = {isa = PBXBuildFile; productRef = 100000000000000000000085 /* TreeSitterTypeScript */; };
		100000000000000000000088 /* TreeSitterJavaScript in Frameworks */ = {isa = PBXBuildFile; productRef = 100000000000000000000087 /* TreeSitterJavaScript */; };
		10000000000000000000008C /* TreeSitterGo in Frameworks */ = {isa = PBXBuildFile; productRef = 10000000000000000000008B /* TreeSitterGo */; };
		10000000000000000000008E /* TreeSitterRust in Frameworks */ = {isa = PBXBuildFile; productRef = 10000000000000000000008D /* TreeSitterRust */; };
/* End PBXBuildFile section */

/* Begin PBXFileReference section */
		100000000000000000000006 /* Info.plist */ = {isa = PBXFileReference; lastKnownFileType = text.plist.xml; path = Info.plist; sourceTree = "<group>"; };
		100000000000000000000007 /* Compass.entitlements */ = {isa = PBXFileReference; lastKnownFileType = text.plist.entitlements; path = Compass.entitlements; sourceTree = "<group>"; };
		100000000000000000000008 /* Compass.app */ = {isa = PBXFileReference; explicitFileType = wrapper.application; includeInIndex = 0; path = Compass.app; sourceTree = BUILT_PRODUCTS_DIR; };
		100000000000000000000030 /* Package.swift */ = {isa = PBXFileReference; lastKnownFileType = sourcecode.swift; path = Package.swift; sourceTree = "<group>"; };
		100000000000000000000031 /* README.md */ = {isa = PBXFileReference; lastKnownFileType = net.daringfireball.markdown; path = README.md; sourceTree = "<group>"; };
		100000000000000000000032 /* Signing.xcconfig */ = {isa = PBXFileReference; lastKnownFileType = text.xcconfig; path = Signing.xcconfig; sourceTree = "<group>"; };
		100000000000000000000033 /* LocalSigning.example.xcconfig */ = {isa = PBXFileReference; lastKnownFileType = text.xcconfig; path = LocalSigning.example.xcconfig; sourceTree = "<group>"; };
/* End PBXFileReference section */

/* Begin PBXFileSystemSynchronizedBuildFileExceptionSet section */
		100000000000000000000050 /* PBXFileSystemSynchronizedBuildFileExceptionSet */ = {
			isa = PBXFileSystemSynchronizedBuildFileExceptionSet;
			membershipExceptions = (
				Compass/SharedVM/README.md,
				CompassAgentRPC/AgentRPC.swift,
				CompassAgentRPC/AgentRPCFraming.swift,
				CompassGuestAgent/AgentFileOperations.swift,
				CompassGuestAgent/AgentServer.swift,
				CompassGuestAgent/GitRemoteCompassHelper.swift,
				CompassGuestAgent/main.swift,
				CompassGuestAgent/VsockListener.swift,
			);
			target = 100000000000000000000009 /* Compass */;
		};
/* End PBXFileSystemSynchronizedBuildFileExceptionSet section */

/* Begin PBXFileSystemSynchronizedRootGroup section */
		100000000000000000000003 /* Sources */ = {isa = PBXFileSystemSynchronizedRootGroup; exceptions = (100000000000000000000050 /* PBXFileSystemSynchronizedBuildFileExceptionSet */, ); explicitFileTypes = {}; explicitFolders = (); path = Sources; sourceTree = "<group>"; };
/* End PBXFileSystemSynchronizedRootGroup section */

/* Begin PBXFrameworksBuildPhase section */
		10000000000000000000000C /* Frameworks */ = {
			isa = PBXFrameworksBuildPhase;
			buildActionMask = 2147483647;
			files = (
				100000000000000000000062 /* OpenAI in Frameworks */,
				100000000000000000000072 /* CompassAgentRPC in Frameworks */,
				100000000000000000000082 /* SwiftTreeSitter in Frameworks */,
				100000000000000000000084 /* TreeSitterSwift in Frameworks */,
				100000000000000000000086 /* TreeSitterTypeScript in Frameworks */,
				100000000000000000000088 /* TreeSitterJavaScript in Frameworks */,
				10000000000000000000008C /* TreeSitterGo in Frameworks */,
				10000000000000000000008E /* TreeSitterRust in Frameworks */,
			);
			runOnlyForDeploymentPostprocessing = 0;
		};
/* End PBXFrameworksBuildPhase section */

/* Begin PBXGroup section */
		100000000000000000000002 = {
			isa = PBXGroup;
			children = (
				100000000000000000000003 /* Sources */,
				100000000000000000000004 /* App */,
				100000000000000000000005 /* Products */,
				100000000000000000000030 /* Package.swift */,
				100000000000000000000031 /* README.md */,
			);
			sourceTree = "<group>";
		};
		100000000000000000000004 /* App */ = {
			isa = PBXGroup;
			children = (
				100000000000000000000006 /* Info.plist */,
				100000000000000000000007 /* Compass.entitlements */,
				100000000000000000000032 /* Signing.xcconfig */,
				100000000000000000000033 /* LocalSigning.example.xcconfig */,
			);
			path = App;
			sourceTree = "<group>";
		};
		100000000000000000000005 /* Products */ = {
			isa = PBXGroup;
			children = (
				100000000000000000000008 /* Compass.app */,
			);
			name = Products;
			sourceTree = "<group>";
		};
/* End PBXGroup section */

/* Begin PBXNativeTarget section */
		100000000000000000000009 /* Compass */ = {
			isa = PBXNativeTarget;
			buildConfigurationList = 10000000000000000000000E /* Build configuration list for PBXNativeTarget "Compass" */;
			buildPhases = (
				10000000000000000000000A /* Sources */,
				10000000000000000000000B /* Resources */,
				10000000000000000000000C /* Frameworks */,
				100000000000000000000074 /* Embed CompassGuestAgent */,
			);
			buildRules = (
			);
			dependencies = (
			);
			fileSystemSynchronizedGroups = (
				100000000000000000000003 /* Sources */,
			);
			name = Compass;
			packageProductDependencies = (
				100000000000000000000061 /* OpenAI */,
				100000000000000000000071 /* CompassAgentRPC */,
				100000000000000000000081 /* SwiftTreeSitter */,
				100000000000000000000083 /* TreeSitterSwift */,
				100000000000000000000085 /* TreeSitterTypeScript */,
				100000000000000000000087 /* TreeSitterJavaScript */,
				10000000000000000000008B /* TreeSitterGo */,
				10000000000000000000008D /* TreeSitterRust */,
			);
			productName = Compass;
			productReference = 100000000000000000000008 /* Compass.app */;
			productType = "com.apple.product-type.application";
		};
/* End PBXNativeTarget section */

/* Begin PBXProject section */
		100000000000000000000001 /* Project object */ = {
			isa = PBXProject;
			attributes = {
				BuildIndependentTargetsInParallel = YES;
				LastSwiftUpdateCheck = 1530;
				LastUpgradeCheck = 1530;
				TargetAttributes = {
					100000000000000000000009 = {
						CreatedOnToolsVersion = 15.3;
					};
				};
			};
			buildConfigurationList = 10000000000000000000000D /* Build configuration list for PBXProject "Compass" */;
			compatibilityVersion = "Xcode 15.3";
			developmentRegion = en;
			hasScannedForEncodings = 0;
			knownRegions = (
				en,
				Base,
			);
			mainGroup = 100000000000000000000002;
			packageReferences = (
				100000000000000000000060 /* XCRemoteSwiftPackageReference "OpenAI" */,
				100000000000000000000070 /* XCLocalSwiftPackageReference "." */,
				100000000000000000000080 /* XCRemoteSwiftPackageReference "SwiftTreeSitter" */,
				100000000000000000000090 /* XCRemoteSwiftPackageReference "tree-sitter-swift" */,
				100000000000000000000091 /* XCRemoteSwiftPackageReference "tree-sitter-typescript" */,
				100000000000000000000092 /* XCRemoteSwiftPackageReference "tree-sitter-javascript" */,
				100000000000000000000094 /* XCRemoteSwiftPackageReference "tree-sitter-go" */,
				100000000000000000000095 /* XCRemoteSwiftPackageReference "tree-sitter-rust" */,
			);
			productRefGroup = 100000000000000000000005 /* Products */;
			projectDirPath = "";
			projectRoot = "";
			targets = (
				100000000000000000000009 /* Compass */,
			);
		};
/* End PBXProject section */

/* Begin PBXResourcesBuildPhase section */
		10000000000000000000000B /* Resources */ = {
			isa = PBXResourcesBuildPhase;
			buildActionMask = 2147483647;
			files = (
			);
			runOnlyForDeploymentPostprocessing = 0;
		};
/* End PBXResourcesBuildPhase section */

/* Begin PBXShellScriptBuildPhase section */
		100000000000000000000074 /* Embed CompassGuestAgent */ = {
			isa = PBXShellScriptBuildPhase;
			alwaysOutOfDate = 1;
			buildActionMask = 2147483647;
			files = (
			);
			inputFileListPaths = (
			);
			inputPaths = (
			);
			name = "Embed CompassGuestAgent";
			outputFileListPaths = (
			);
			outputPaths = (
				"$(TARGET_BUILD_DIR)/$(EXECUTABLE_FOLDER_PATH)/CompassGuestAgent",
			);
			runOnlyForDeploymentPostprocessing = 0;
			shellPath = /bin/sh;
			shellScript = "set -euo pipefail\n# Xcode doesn't build SwiftPM executable products of a local package by\n# itself even when the product is added as a packageProductDependency,\n# so invoke `swift build` directly to produce CompassGuestAgent and\n# copy it into the app bundle's Contents/MacOS. SharedCompassVM finds\n# it at runtime as a sibling of Bundle.main.executableURL.\ncd \"${SRCROOT}\"\ncase \"${CONFIGURATION}\" in\n  Debug)   SWIFT_CONFIG=debug ;;\n  Release) SWIFT_CONFIG=release ;;\n  *)       SWIFT_CONFIG=debug ;;\nesac\n\nxcrun --sdk macosx swift build --product CompassGuestAgent --configuration \"${SWIFT_CONFIG}\" --quiet\n\nSRC=\".build/${SWIFT_CONFIG}/CompassGuestAgent\"\nDST=\"${TARGET_BUILD_DIR}/${EXECUTABLE_FOLDER_PATH}/CompassGuestAgent\"\nif [ ! -x \"${SRC}\" ]; then\n  echo \"error: swift build did not produce CompassGuestAgent at ${SRC}\" >&2\n  exit 1\nfi\nmkdir -p \"$(dirname \"${DST}\")\"\ncp -p \"${SRC}\" \"${DST}\"\nchmod +x \"${DST}\"\n";
		};
/* End PBXShellScriptBuildPhase section */

/* Begin PBXSourcesBuildPhase section */
		10000000000000000000000A /* Sources */ = {
			isa = PBXSourcesBuildPhase;
			buildActionMask = 2147483647;
			files = (
			);
			runOnlyForDeploymentPostprocessing = 0;
		};
/* End PBXSourcesBuildPhase section */

/* Begin XCBuildConfiguration section */
		10000000000000000000000F /* Debug */ = {
			isa = XCBuildConfiguration;
			buildSettings = {
				ALWAYS_SEARCH_USER_PATHS = NO;
				ARCHS = arm64;
				ASSETCATALOG_COMPILER_GENERATE_SWIFT_ASSET_SYMBOL_EXTENSIONS = YES;
				CLANG_ANALYZER_NONNULL = YES;
				CLANG_ANALYZER_NUMBER_OBJECT_CONVERSION = YES_AGGRESSIVE;
				CLANG_CXX_LANGUAGE_STANDARD = "gnu++20";
				CLANG_ENABLE_MODULES = YES;
				CLANG_ENABLE_OBJC_ARC = YES;
				CLANG_ENABLE_OBJC_WEAK = YES;
				CLANG_WARN_DOCUMENTATION_COMMENTS = YES;
				CLANG_WARN_UNGUARDED_AVAILABILITY = YES_AGGRESSIVE;
				COPY_PHASE_STRIP = NO;
				DEBUG_INFORMATION_FORMAT = dwarf;
				ENABLE_HARDENED_RUNTIME = YES;
				ENABLE_STRICT_OBJC_MSGSEND = YES;
				ENABLE_TESTABILITY = YES;
				ENABLE_USER_SCRIPT_SANDBOXING = YES;
				GCC_C_LANGUAGE_STANDARD = gnu17;
				GCC_DYNAMIC_NO_PIC = NO;
				GCC_NO_COMMON_BLOCKS = YES;
				GCC_OPTIMIZATION_LEVEL = 0;
				GCC_PREPROCESSOR_DEFINITIONS = (
					"DEBUG=1",
					"$(inherited)",
				);
				LOCALIZATION_PREFERS_STRING_CATALOGS = YES;
				MACOSX_DEPLOYMENT_TARGET = 26.0;
				MTL_ENABLE_DEBUG_INFO = INCLUDE_SOURCE;
				MTL_FAST_MATH = YES;
				ONLY_ACTIVE_ARCH = YES;
				SDKROOT = macosx;
				SWIFT_ACTIVE_COMPILATION_CONDITIONS = "DEBUG $(inherited)";
				SWIFT_OPTIMIZATION_LEVEL = "-Onone";
				SWIFT_VERSION = 5.0;
			};
			name = Debug;
		};
		100000000000000000000010 /* Release */ = {
			isa = XCBuildConfiguration;
			buildSettings = {
				ALWAYS_SEARCH_USER_PATHS = NO;
				ARCHS = arm64;
				ASSETCATALOG_COMPILER_GENERATE_SWIFT_ASSET_SYMBOL_EXTENSIONS = YES;
				CLANG_ANALYZER_NONNULL = YES;
				CLANG_ANALYZER_NUMBER_OBJECT_CONVERSION = YES_AGGRESSIVE;
				CLANG_CXX_LANGUAGE_STANDARD = "gnu++20";
				CLANG_ENABLE_MODULES = YES;
				CLANG_ENABLE_OBJC_ARC = YES;
				CLANG_ENABLE_OBJC_WEAK = YES;
				CLANG_WARN_DOCUMENTATION_COMMENTS = YES;
				CLANG_WARN_UNGUARDED_AVAILABILITY = YES_AGGRESSIVE;
				COPY_PHASE_STRIP = NO;
				DEBUG_INFORMATION_FORMAT = "dwarf-with-dsym";
				ENABLE_HARDENED_RUNTIME = YES;
				ENABLE_NS_ASSERTIONS = NO;
				ENABLE_STRICT_OBJC_MSGSEND = YES;
				ENABLE_USER_SCRIPT_SANDBOXING = YES;
				GCC_C_LANGUAGE_STANDARD = gnu17;
				GCC_NO_COMMON_BLOCKS = YES;
				LOCALIZATION_PREFERS_STRING_CATALOGS = YES;
				MACOSX_DEPLOYMENT_TARGET = 26.0;
				MTL_ENABLE_DEBUG_INFO = NO;
				MTL_FAST_MATH = YES;
				SDKROOT = macosx;
				SWIFT_COMPILATION_MODE = wholemodule;
				SWIFT_VERSION = 5.0;
			};
			name = Release;
		};
		100000000000000000000011 /* Debug */ = {
			isa = XCBuildConfiguration;
			baseConfigurationReference = 100000000000000000000032 /* Signing.xcconfig */;
			buildSettings = {
				ASSETCATALOG_COMPILER_GLOBAL_ACCENT_COLOR_NAME = AccentColor;
				CODE_SIGN_ENTITLEMENTS = App/Compass.entitlements;
				CODE_SIGN_STYLE = Automatic;
				COMBINE_HIDPI_IMAGES = YES;
				COMPASS_BUNDLE_DISPLAY_NAME = CompassLocal;
				CURRENT_PROJECT_VERSION = 1;
				ENABLE_HARDENED_RUNTIME = YES;
				ENABLE_PREVIEWS = YES;
				ENABLE_USER_SCRIPT_SANDBOXING = NO;
				GENERATE_INFOPLIST_FILE = NO;
				HEADER_SEARCH_PATHS = (
					"$(inherited)",
					"$(SRCROOT)/Sources/TreeSitterScanners/include",
				);
				INFOPLIST_FILE = App/Info.plist;
				LD_RUNPATH_SEARCH_PATHS = (
					"$(inherited)",
					"@executable_path/../Frameworks",
				);
				MACOSX_DEPLOYMENT_TARGET = 26.0;
				MARKETING_VERSION = 0.1.0;
				PRODUCT_BUNDLE_IDENTIFIER = com.seancheatham.CompassLocal;
				PRODUCT_NAME = "$(TARGET_NAME)";
				PROVISIONING_PROFILE_SPECIFIER = "";
				SWIFT_EMIT_LOC_STRINGS = YES;
				SWIFT_VERSION = 5.0;
			};
			name = Debug;
		};
		100000000000000000000012 /* Release */ = {
			isa = XCBuildConfiguration;
			baseConfigurationReference = 100000000000000000000032 /* Signing.xcconfig */;
			buildSettings = {
				ASSETCATALOG_COMPILER_GLOBAL_ACCENT_COLOR_NAME = AccentColor;
				CODE_SIGN_ENTITLEMENTS = App/Compass.entitlements;
				CODE_SIGN_STYLE = Automatic;
				COMBINE_HIDPI_IMAGES = YES;
				COMPASS_BUNDLE_DISPLAY_NAME = Compass;
				CURRENT_PROJECT_VERSION = 1;
				ENABLE_HARDENED_RUNTIME = YES;
				ENABLE_PREVIEWS = YES;
				ENABLE_USER_SCRIPT_SANDBOXING = NO;
				GENERATE_INFOPLIST_FILE = NO;
				HEADER_SEARCH_PATHS = (
					"$(inherited)",
					"$(SRCROOT)/Sources/TreeSitterScanners/include",
				);
				INFOPLIST_FILE = App/Info.plist;
				LD_RUNPATH_SEARCH_PATHS = (
					"$(inherited)",
					"@executable_path/../Frameworks",
				);
				MACOSX_DEPLOYMENT_TARGET = 26.0;
				MARKETING_VERSION = 0.1.0;
				PRODUCT_BUNDLE_IDENTIFIER = com.seancheatham.Compass;
				PRODUCT_NAME = "$(TARGET_NAME)";
				PROVISIONING_PROFILE_SPECIFIER = "";
				SWIFT_EMIT_LOC_STRINGS = YES;
				SWIFT_VERSION = 5.0;
			};
			name = Release;
		};
/* End XCBuildConfiguration section */

/* Begin XCConfigurationList section */
		10000000000000000000000D /* Build configuration list for PBXProject "Compass" */ = {
			isa = XCConfigurationList;
			buildConfigurations = (
				10000000000000000000000F /* Debug */,
				100000000000000000000010 /* Release */,
			);
			defaultConfigurationIsVisible = 0;
			defaultConfigurationName = Release;
		};
		10000000000000000000000E /* Build configuration list for PBXNativeTarget "Compass" */ = {
			isa = XCConfigurationList;
			buildConfigurations = (
				100000000000000000000011 /* Debug */,
				100000000000000000000012 /* Release */,
			);
			defaultConfigurationIsVisible = 0;
			defaultConfigurationName = Release;
		};
/* End XCConfigurationList section */

/* Begin XCLocalSwiftPackageReference section */
		100000000000000000000070 /* XCLocalSwiftPackageReference "." */ = {
			isa = XCLocalSwiftPackageReference;
			relativePath = .;
		};
/* End XCLocalSwiftPackageReference section */

/* Begin XCRemoteSwiftPackageReference section */
		100000000000000000000060 /* XCRemoteSwiftPackageReference "OpenAI" */ = {
			isa = XCRemoteSwiftPackageReference;
			repositoryURL = "https://github.com/MacPaw/OpenAI.git";
			requirement = {
				kind = upToNextMajorVersion;
				minimumVersion = 0.4.9;
			};
		};
		100000000000000000000080 /* XCRemoteSwiftPackageReference "SwiftTreeSitter" */ = {
			isa = XCRemoteSwiftPackageReference;
			repositoryURL = "https://github.com/ChimeHQ/SwiftTreeSitter";
			requirement = {
				kind = upToNextMajorVersion;
				minimumVersion = 0.9.0;
			};
		};
		100000000000000000000090 /* XCRemoteSwiftPackageReference "tree-sitter-swift" */ = {
			isa = XCRemoteSwiftPackageReference;
			repositoryURL = "https://github.com/alex-pinkus/tree-sitter-swift";
			requirement = {
				kind = revision;
				revision = 7b7909f2f6b9414be0958275f4c8e5d69c3bca43;
			};
		};
		100000000000000000000091 /* XCRemoteSwiftPackageReference "tree-sitter-typescript" */ = {
			isa = XCRemoteSwiftPackageReference;
			repositoryURL = "https://github.com/tree-sitter/tree-sitter-typescript";
			requirement = {
				kind = revision;
				revision = 75b3874edb2dc714fb1fd77a32013d0f8699989f;
			};
		};
		100000000000000000000092 /* XCRemoteSwiftPackageReference "tree-sitter-javascript" */ = {
			isa = XCRemoteSwiftPackageReference;
			repositoryURL = "https://github.com/tree-sitter/tree-sitter-javascript";
			requirement = {
				kind = revision;
				revision = 58404d8cf191d69f2674a8fd507bd5776f46cb11;
			};
		};
		100000000000000000000094 /* XCRemoteSwiftPackageReference "tree-sitter-go" */ = {
			isa = XCRemoteSwiftPackageReference;
			repositoryURL = "https://github.com/tree-sitter/tree-sitter-go";
			requirement = {
				kind = revision;
				revision = 2346a3ab1bb3857b48b29d779a1ef9799a248cd7;
			};
		};
		100000000000000000000095 /* XCRemoteSwiftPackageReference "tree-sitter-rust" */ = {
			isa = XCRemoteSwiftPackageReference;
			repositoryURL = "https://github.com/tree-sitter/tree-sitter-rust";
			requirement = {
				kind = revision;
				revision = 77a3747266f4d621d0757825e6b11edcbf991ca5;
			};
		};
/* End XCRemoteSwiftPackageReference section */

/* Begin XCSwiftPackageProductDependency section */
		100000000000000000000061 /* OpenAI */ = {
			isa = XCSwiftPackageProductDependency;
			package = 100000000000000000000060 /* XCRemoteSwiftPackageReference "OpenAI" */;
			productName = OpenAI;
		};
		100000000000000000000071 /* CompassAgentRPC */ = {
			isa = XCSwiftPackageProductDependency;
			package = 100000000000000000000070 /* XCLocalSwiftPackageReference "." */;
			productName = CompassAgentRPC;
		};
		100000000000000000000081 /* SwiftTreeSitter */ = {
			isa = XCSwiftPackageProductDependency;
			package = 100000000000000000000080 /* XCRemoteSwiftPackageReference "SwiftTreeSitter" */;
			productName = SwiftTreeSitter;
		};
		100000000000000000000083 /* TreeSitterSwift */ = {
			isa = XCSwiftPackageProductDependency;
			package = 100000000000000000000090 /* XCRemoteSwiftPackageReference "tree-sitter-swift" */;
			productName = TreeSitterSwift;
		};
		100000000000000000000085 /* TreeSitterTypeScript */ = {
			isa = XCSwiftPackageProductDependency;
			package = 100000000000000000000091 /* XCRemoteSwiftPackageReference "tree-sitter-typescript" */;
			productName = TreeSitterTypeScript;
		};
		100000000000000000000087 /* TreeSitterJavaScript */ = {
			isa = XCSwiftPackageProductDependency;
			package = 100000000000000000000092 /* XCRemoteSwiftPackageReference "tree-sitter-javascript" */;
			productName = TreeSitterJavaScript;
		};
		10000000000000000000008B /* TreeSitterGo */ = {
			isa = XCSwiftPackageProductDependency;
			package = 100000000000000000000094 /* XCRemoteSwiftPackageReference "tree-sitter-go" */;
			productName = TreeSitterGo;
		};
		10000000000000000000008D /* TreeSitterRust */ = {
			isa = XCSwiftPackageProductDependency;
			package = 100000000000000000000095 /* XCRemoteSwiftPackageReference "tree-sitter-rust" */;
			productName = TreeSitterRust;
		};
/* End XCSwiftPackageProductDependency section */
	};
	rootObject = 100000000000000000000001 /* Project object */;
}
